
Microsoft Visual Studio Solution File, Format Version 12.00
# Visual Studio Version 16
VisualStudioVersion = 16.0.29709.97
MinimumVisualStudioVersion = 10.0.40219.1
Project("{FAE04EC0-301F-11D3-BF4B-00C04F79EFBC}") = "Petrusenko_Skillbox.15.11", "Petrusenko_Skillbox.15.11.csproj", "{7DD8D99E-E418-4855-A9DE-DB8B0D6DD5F5}"
EndProject
Global
	GlobalSection(SolutionConfigurationPlatforms) = preSolution
		Debug|Any CPU = Debug|Any CPU
		Release|Any CPU = Release|Any CPU
	EndGlobalSection
	GlobalSection(ProjectConfigurationPlatforms) = postSolution
		{7DD8D99E-E418-4855-A9DE-DB8B0D6DD5F5}.Debug|Any CPU.ActiveCfg = Debug|Any CPU
		{7DD8D99E-E418-4855-A9DE-DB8B0D6DD5F5}.Debug|Any CPU.Build.0 = Debug|Any CPU
		{7DD8D99E-E418-4855-A9DE-DB8B0D6DD5F5}.Release|Any CPU.ActiveCfg = Release|Any CPU
		{7DD8D99E-E418-4855-A9DE-DB8B0D6DD5F5}.Release|Any CPU.Build.0 = Release|Any CPU
	EndGlobalSection
	GlobalSection(SolutionProperties) = preSolution
		HideSolutionNode = FALSE
	EndGlobalSection
	GlobalSection(ExtensibilityGlobals) = postSolution
		SolutionGuid = {2DB8C819-D053-4CA4-A4D2-B007D3F83CC6}
	EndGlobalSection
EndGlobal
