
Microsoft Visual Studio Solution File, Format Version 12.00
# Visual Studio Version 16
VisualStudioVersion = 16.0.29709.97
MinimumVisualStudioVersion = 10.0.40219.1
Project("{FAE04EC0-301F-11D3-BF4B-00C04F79EFBC}") = "PhoneBookServiceApplication", "PhoneBookServiceApplication.csproj", "{CB5338D7-F2CD-473C-9CA1-0FBFEDF9C3F9}"
EndProject
Global
	GlobalSection(SolutionConfigurationPlatforms) = preSolution
		Debug|Any CPU = Debug|Any CPU
		Release|Any CPU = Release|Any CPU
	EndGlobalSection
	GlobalSection(ProjectConfigurationPlatforms) = postSolution
		{CB5338D7-F2CD-473C-9CA1-0FBFEDF9C3F9}.Debug|Any CPU.ActiveCfg = Debug|Any CPU
		{CB5338D7-F2CD-473C-9CA1-0FBFEDF9C3F9}.Debug|Any CPU.Build.0 = Debug|Any CPU
		{CB5338D7-F2CD-473C-9CA1-0FBFEDF9C3F9}.Release|Any CPU.ActiveCfg = Release|Any CPU
		{CB5338D7-F2CD-473C-9CA1-0FBFEDF9C3F9}.Release|Any CPU.Build.0 = Release|Any CPU
	EndGlobalSection
	GlobalSection(SolutionProperties) = preSolution
		HideSolutionNode = FALSE
	EndGlobalSection
	GlobalSection(ExtensibilityGlobals) = postSolution
		SolutionGuid = {E2174F76-A8B6-4ECA-AA7E-8CCB4C381139}
	EndGlobalSection
EndGlobal
